
Microsoft Visual Studio Solution File, Format Version 12.00
# Visual Studio Version 16
VisualStudioVersion = 16.0.29709.97
MinimumVisualStudioVersion = 10.0.40219.1
Project("{FAE04EC0-301F-11D3-BF4B-00C04F79EFBC}") = "ipaddress", "ipaddress\ipaddress.csproj", "{B9F1D4B4-374A-4701-8FA1-9124BC4E7F53}"
EndProject
Global
	GlobalSection(SolutionConfigurationPlatforms) = preSolution
		Debug|Any CPU = Debug|Any CPU
		Release|Any CPU = Release|Any CPU
	EndGlobalSection
	GlobalSection(ProjectConfigurationPlatforms) = postSolution
		{B9F1D4B4-374A-4701-8FA1-9124BC4E7F53}.Debug|Any CPU.ActiveCfg = Debug|Any CPU
		{B9F1D4B4-374A-4701-8FA1-9124BC4E7F53}.Debug|Any CPU.Build.0 = Debug|Any CPU
		{B9F1D4B4-374A-4701-8FA1-9124BC4E7F53}.Release|Any CPU.ActiveCfg = Release|Any CPU
		{B9F1D4B4-374A-4701-8FA1-9124BC4E7F53}.Release|Any CPU.Build.0 = Release|Any CPU
	EndGlobalSection
	GlobalSection(SolutionProperties) = preSolution
		HideSolutionNode = FALSE
	EndGlobalSection
	GlobalSection(ExtensibilityGlobals) = postSolution
		SolutionGuid = {D1B1F395-5662-4578-8A2D-2009EB3B0EE1}
	EndGlobalSection
EndGlobal
